
Microsoft Visual Studio Solution File, Format Version 12.00
# Visual Studio Version 17
VisualStudioVersion = 17.0.32112.339
MinimumVisualStudioVersion = 10.0.40219.1
Project("{FAE04EC0-301F-11D3-BF4B-00C04F79EFBC}") = "Class-Kavramı", "Class-Kavramı\Class-Kavramı.csproj", "{0B4D6523-A6CA-4D6D-9195-75DED6D41E8E}"
EndProject
Global
	GlobalSection(SolutionConfigurationPlatforms) = preSolution
		Debug|Any CPU = Debug|Any CPU
		Release|Any CPU = Release|Any CPU
	EndGlobalSection
	GlobalSection(ProjectConfigurationPlatforms) = postSolution
		{0B4D6523-A6CA-4D6D-9195-75DED6D41E8E}.Debug|Any CPU.ActiveCfg = Debug|Any CPU
		{0B4D6523-A6CA-4D6D-9195-75DED6D41E8E}.Debug|Any CPU.Build.0 = Debug|Any CPU
		{0B4D6523-A6CA-4D6D-9195-75DED6D41E8E}.Release|Any CPU.ActiveCfg = Release|Any CPU
		{0B4D6523-A6CA-4D6D-9195-75DED6D41E8E}.Release|Any CPU.Build.0 = Release|Any CPU
	EndGlobalSection
	GlobalSection(SolutionProperties) = preSolution
		HideSolutionNode = FALSE
	EndGlobalSection
	GlobalSection(ExtensibilityGlobals) = postSolution
		SolutionGuid = {0EEE60F3-8FEA-45B7-BD64-C078808D485D}
	EndGlobalSection
EndGlobal
